
Microsoft Visual Studio Solution File, Format Version 12.00
# Visual Studio Version 17
VisualStudioVersion = 17.7.34018.315
MinimumVisualStudioVersion = 10.0.40219.1
Project("{FAE04EC0-301F-11D3-BF4B-00C04F79EFBC}") = "ServicioIntegracionEmail", "ServicioIntegracionEmail\ServicioIntegracionEmail.csproj", "{5FAA459A-E5E9-454B-B8C5-54AC7142554B}"
EndProject
Global
	GlobalSection(SolutionConfigurationPlatforms) = preSolution
		Debug|Any CPU = Debug|Any CPU
		Release|Any CPU = Release|Any CPU
	EndGlobalSection
	GlobalSection(ProjectConfigurationPlatforms) = postSolution
		{5FAA459A-E5E9-454B-B8C5-54AC7142554B}.Debug|Any CPU.ActiveCfg = Debug|Any CPU
		{5FAA459A-E5E9-454B-B8C5-54AC7142554B}.Debug|Any CPU.Build.0 = Debug|Any CPU
		{5FAA459A-E5E9-454B-B8C5-54AC7142554B}.Release|Any CPU.ActiveCfg = Release|Any CPU
		{5FAA459A-E5E9-454B-B8C5-54AC7142554B}.Release|Any CPU.Build.0 = Release|Any CPU
	EndGlobalSection
	GlobalSection(SolutionProperties) = preSolution
		HideSolutionNode = FALSE
	EndGlobalSection
	GlobalSection(ExtensibilityGlobals) = postSolution
		SolutionGuid = {6CF761EE-B180-4B1F-83FC-DF23B2D5EBDA}
	EndGlobalSection
EndGlobal
